
Microsoft Visual Studio Solution File, Format Version 12.00
# Visual Studio Version 17
VisualStudioVersion = 17.5.002.0
MinimumVisualStudioVersion = 10.0.40219.1
Project("{9A19103F-16F7-4668-BE54-9A1E7A4F7556}") = "Foodies", "Foodies.csproj", "{30FB23F1-6AD7-4073-B95B-2FD0753D8412}"
EndProject
Global
	GlobalSection(SolutionConfigurationPlatforms) = preSolution
		Debug|Any CPU = Debug|Any CPU
		Release|Any CPU = Release|Any CPU
	EndGlobalSection
	GlobalSection(ProjectConfigurationPlatforms) = postSolution
		{30FB23F1-6AD7-4073-B95B-2FD0753D8412}.Debug|Any CPU.ActiveCfg = Debug|Any CPU
		{30FB23F1-6AD7-4073-B95B-2FD0753D8412}.Debug|Any CPU.Build.0 = Debug|Any CPU
		{30FB23F1-6AD7-4073-B95B-2FD0753D8412}.Release|Any CPU.ActiveCfg = Release|Any CPU
		{30FB23F1-6AD7-4073-B95B-2FD0753D8412}.Release|Any CPU.Build.0 = Release|Any CPU
	EndGlobalSection
	GlobalSection(SolutionProperties) = preSolution
		HideSolutionNode = FALSE
	EndGlobalSection
	GlobalSection(ExtensibilityGlobals) = postSolution
		SolutionGuid = {40B43D4B-05B2-4641-89A1-C9F171AA05D7}
	EndGlobalSection
EndGlobal
